
Microsoft Visual Studio Solution File, Format Version 12.00
# Visual Studio Version 17
VisualStudioVersion = 17.0.32014.148
MinimumVisualStudioVersion = 10.0.40219.1
Project("{9A19103F-16F7-4668-BE54-9A1E7A4F7556}") = "FunctionAppHelloWorld", "FunctionAppHelloWorld\FunctionAppHelloWorld.csproj", "{D8C6B082-55F1-42F2-BFE2-2A566740E0CE}"
EndProject
Project("{FAE04EC0-301F-11D3-BF4B-00C04F79EFBC}") = "FunctionAppTimeTrigger", "FunctionAppTimeTrigger\FunctionAppTimeTrigger.csproj", "{33A8DBD7-996E-4076-A27D-B2BA95C238FB}"
EndProject
Project("{FAE04EC0-301F-11D3-BF4B-00C04F79EFBC}") = "FunctionHttpConnectService", "FunctionHttpConnectService\FunctionHttpConnectService.csproj", "{95AD1CC5-D185-4E5A-AE54-5F8F255804E3}"
EndProject
Global
	GlobalSection(SolutionConfigurationPlatforms) = preSolution
		Debug|Any CPU = Debug|Any CPU
		Release|Any CPU = Release|Any CPU
	EndGlobalSection
	GlobalSection(ProjectConfigurationPlatforms) = postSolution
		{D8C6B082-55F1-42F2-BFE2-2A566740E0CE}.Debug|Any CPU.ActiveCfg = Debug|Any CPU
		{D8C6B082-55F1-42F2-BFE2-2A566740E0CE}.Debug|Any CPU.Build.0 = Debug|Any CPU
		{D8C6B082-55F1-42F2-BFE2-2A566740E0CE}.Release|Any CPU.ActiveCfg = Release|Any CPU
		{D8C6B082-55F1-42F2-BFE2-2A566740E0CE}.Release|Any CPU.Build.0 = Release|Any CPU
		{33A8DBD7-996E-4076-A27D-B2BA95C238FB}.Debug|Any CPU.ActiveCfg = Debug|Any CPU
		{33A8DBD7-996E-4076-A27D-B2BA95C238FB}.Debug|Any CPU.Build.0 = Debug|Any CPU
		{33A8DBD7-996E-4076-A27D-B2BA95C238FB}.Release|Any CPU.ActiveCfg = Release|Any CPU
		{33A8DBD7-996E-4076-A27D-B2BA95C238FB}.Release|Any CPU.Build.0 = Release|Any CPU
		{95AD1CC5-D185-4E5A-AE54-5F8F255804E3}.Debug|Any CPU.ActiveCfg = Debug|Any CPU
		{95AD1CC5-D185-4E5A-AE54-5F8F255804E3}.Debug|Any CPU.Build.0 = Debug|Any CPU
		{95AD1CC5-D185-4E5A-AE54-5F8F255804E3}.Release|Any CPU.ActiveCfg = Release|Any CPU
		{95AD1CC5-D185-4E5A-AE54-5F8F255804E3}.Release|Any CPU.Build.0 = Release|Any CPU
	EndGlobalSection
	GlobalSection(SolutionProperties) = preSolution
		HideSolutionNode = FALSE
	EndGlobalSection
	GlobalSection(ExtensibilityGlobals) = postSolution
		SolutionGuid = {82B900CC-B2EB-4E64-BB01-60AD18C1EE47}
	EndGlobalSection
EndGlobal
